
Microsoft Visual Studio Solution File, Format Version 12.00
# Visual Studio Version 17
VisualStudioVersion = 17.13.35818.85 d17.13
MinimumVisualStudioVersion = 10.0.40219.1
Project("{FAE04EC0-301F-11D3-BF4B-00C04F79EFBC}") = "UserService", "UserService.csproj", "{20412EDB-5963-440E-984A-473C501ABF1C}"
EndProject
Global
	GlobalSection(SolutionConfigurationPlatforms) = preSolution
		Debug|Any CPU = Debug|Any CPU
		Release|Any CPU = Release|Any CPU
	EndGlobalSection
	GlobalSection(ProjectConfigurationPlatforms) = postSolution
		{20412EDB-5963-440E-984A-473C501ABF1C}.Debug|Any CPU.ActiveCfg = Debug|Any CPU
		{20412EDB-5963-440E-984A-473C501ABF1C}.Debug|Any CPU.Build.0 = Debug|Any CPU
		{20412EDB-5963-440E-984A-473C501ABF1C}.Release|Any CPU.ActiveCfg = Release|Any CPU
		{20412EDB-5963-440E-984A-473C501ABF1C}.Release|Any CPU.Build.0 = Release|Any CPU
	EndGlobalSection
	GlobalSection(SolutionProperties) = preSolution
		HideSolutionNode = FALSE
	EndGlobalSection
	GlobalSection(ExtensibilityGlobals) = postSolution
		SolutionGuid = {EEF426F6-0BB0-42A9-86B6-9B2CDC75165D}
	EndGlobalSection
EndGlobal
